{
  "nodes": {
    "dank-qml-common": {
      "flake": false,
      "locked": {
        "lastModified": 1788219423,
        "narHash": "sha256-U4WBPh+pfM2IRF+IOWWHaw3cWaR1kYtl+Rdp7i9S2OQ=",
        "owner": "AvengeMedia",
        "repo": "dank-qml-common",
        "rev": "a9ae19facd460a4150da269dafcfb044b0dd9eea",
        "type": "github"
      },
      "original": {
        "owner": "AvengeMedia",
        "repo": "dank-qml-common",
        "type": "github"
      }
    },
    "dankcalendar": {
      "inputs": {
        "dank-qml-common": "dank-qml-common",
        "nixpkgs": [
          "nixpkgs"
        ]
      },
      "locked": {
        "lastModified": 1788887974,
        "narHash": "sha256-Oxxe6A3CY+UKA8qc086TF87B9y8Zx02ZP00gcxfZGVg=",
        "owner": "AvengeMedia",
        "repo": "dankcalendar",
        "rev": "2a5bb69e20ddc10feda3b728cc0bee130079e449",
        "type": "github"
      },
      "original": {
        "owner": "AvengeMedia",
        "repo": "dankcalendar",
        "type": "github"
      }
    },
    "dms-plugin-registry": {
      "inputs": {
        "nixpkgs": [
          "nixpkgs"
        ]
      },
      "locked": {
        "lastModified": 1789092482,
        "narHash": "sha256-k+914GK6z3aQUrL/GfLiL3u7wFjY75LQwEwHNGBxRYk=",
        "owner": "AvengeMedia",
        "repo": "dms-plugin-registry",
        "rev": "aee31e5d4d6c88991a733ea61aceca03793a625e",
        "type": "github"
      },
      "original": {
        "owner": "AvengeMedia",
        "repo": "dms-plugin-registry",
        "type": "github"
      }
    },
    "dms-sessionizer": {
      "inputs": {
        "nixpkgs": [
          "nixpkgs"
        ]
      },
      "locked": {
        "lastModified": 1788986229,
        "narHash": "sha256-R82q4yu5Sq3BYlXHPKBD2iLtZLqmJAAlszwawFkEwcs=",
        "owner": "LGBaracco",
        "repo": "dms-sessionizer",
        "rev": "7f1f787508fee983d27ae79bb20a8b0578623b3c",
        "type": "github"
      },
      "original": {
        "owner": "LGBaracco",
        "repo": "dms-sessionizer",
        "type": "github"
      }
    },
    "flake-compat": {
      "flake": false,
      "locked": {
        "lastModified": 1767039857,
        "narHash": "sha256-vNpUSpF5Nuw8xvDLj2KCwwksIbjua2LZCqhV1LNRDns=",
        "owner": "NixOS",
        "repo": "flake-compat",
        "rev": "5edf11c44bc78a0d334f6334cdaf7d60d732daab",
        "type": "github"
      },
      "original": {
        "owner": "NixOS",
        "repo": "flake-compat",
        "type": "github"
      }
    },
    "flake-parts": {
      "inputs": {
        "nixpkgs-lib": "nixpkgs-lib"
      },
      "locked": {
        "lastModified": 1788450739,
        "narHash": "sha256-glZLQlzIn1fXH6PazR2iUmTo7kzzyYSshrWhLS9TqCU=",
        "owner": "hercules-ci",
        "repo": "flake-parts",
        "rev": "31729ca8cbdb4fa927b34e5f4353e6a83f39e993",
        "type": "github"
      },
      "original": {
        "owner": "hercules-ci",
        "repo": "flake-parts",
        "type": "github"
      }
    },
    "helium": {
      "inputs": {
        "nixpkgs": [
          "nixpkgs"
        ]
      },
      "locked": {
        "lastModified": 1788957903,
        "narHash": "sha256-1wRe69M+6vk6pBQvRaVShiBlOcELHqNkgJ+XHIpmt1g=",
        "owner": "oxcl",
        "repo": "nix-flake-helium-browser",
        "rev": "4fec073f7e3b1ecd8ae572dadfe18bbc795584d8",
        "type": "github"
      },
      "original": {
        "owner": "oxcl",
        "repo": "nix-flake-helium-browser",
        "type": "github"
      }
    },
    "home-manager": {
      "inputs": {
        "nixpkgs": [
          "nixpkgs"
        ]
      },
      "locked": {
        "lastModified": 1789099078,
        "narHash": "sha256-zzHj2wl69724lzx7DLAVziWbL75wRIk+xJ3duD0Bgrc=",
        "owner": "nix-community",
        "repo": "home-manager",
        "rev": "f10b3f2ad4aae9259617a1ff518cc921e3394228",
        "type": "github"
      },
      "original": {
        "owner": "nix-community",
        "repo": "home-manager",
        "type": "github"
      }
    },
    "nix-cachyos-kernel": {
      "inputs": {
        "flake-compat": "flake-compat",
        "flake-parts": "flake-parts",
        "nixpkgs": [
          "nixpkgs"
        ]
      },
      "locked": {
        "lastModified": 1789070668,
        "narHash": "sha256-Zel41jsQnKlZQHBFndBoRCJ3WfJCXknV2jL0GJbLy9k=",
        "owner": "xddxdd",
        "repo": "nix-cachyos-kernel",
        "rev": "b8538a38adfd2a443aa0f8f3d506c29161f71f5f",
        "type": "github"
      },
      "original": {
        "owner": "xddxdd",
        "ref": "release",
        "repo": "nix-cachyos-kernel",
        "type": "github"
      }
    },
    "nixpkgs": {
      "locked": {
        "lastModified": 1789006805,
        "narHash": "sha256-xB8mKMOx1IA9vTDNLmJZ6n4wCMq/cuWBBOzGCRnqxrU=",
        "owner": "NixOS",
        "repo": "nixpkgs",
        "rev": "8ce4ef6cb6f871616146b9fe26d2a5ae594e94fe",
        "type": "github"
      },
      "original": {
        "owner": "NixOS",
        "ref": "nixos-unstable",
        "repo": "nixpkgs",
        "type": "github"
      }
    },
    "nixpkgs-lib": {
      "locked": {
        "lastModified": 1788057806,
        "narHash": "sha256-DTQSMxzDWmT0zhguthvegnVkn7CFqGCv4IHCzk5ZUpM=",
        "owner": "nix-community",
        "repo": "nixpkgs.lib",
        "rev": "596e2e3940e09b2abbeb03f75fa1828c57fcd72c",
        "type": "github"
      },
      "original": {
        "owner": "nix-community",
        "repo": "nixpkgs.lib",
        "type": "github"
      }
    },
    "nixpkgs-stable": {
      "locked": {
        "lastModified": 1789009968,
        "narHash": "sha256-GB16oaxpsrnGNnGIE+0uYBqMRzB9X6FYDUvjvnJAYew=",
        "owner": "NixOS",
        "repo": "nixpkgs",
        "rev": "d58a46e3bc02d91ebe04667f8397752a749c0024",
        "type": "github"
      },
      "original": {
        "owner": "NixOS",
        "ref": "nixos-26.05",
        "repo": "nixpkgs",
        "type": "github"
      }
    },
    "nvim-config": {
      "locked": {
        "path": "../../neovim",
        "type": "path"
      },
      "original": {
        "path": "../../neovim",
        "type": "path"
      },
      "parent": []
    },
    "root": {
      "inputs": {
        "dankcalendar": "dankcalendar",
        "dms-plugin-registry": "dms-plugin-registry",
        "dms-sessionizer": "dms-sessionizer",
        "helium": "helium",
        "home-manager": "home-manager",
        "nix-cachyos-kernel": "nix-cachyos-kernel",
        "nixpkgs": "nixpkgs",
        "nixpkgs-stable": "nixpkgs-stable",
        "nvim-config": "nvim-config",
        "wrappers": "wrappers"
      }
    },
    "wrappers": {
      "inputs": {
        "nixpkgs": [
          "nixpkgs"
        ]
      },
      "locked": {
        "lastModified": 1788981141,
        "narHash": "sha256-7xWS16u13YGlRNKWaAPzRbEyh4OLOXJe31k7h4AnXNU=",
        "owner": "BirdeeHub",
        "repo": "nix-wrapper-modules",
        "rev": "1db3c116a6aa61823f8d8f3c47c306846428fc54",
        "type": "github"
      },
      "original": {
        "owner": "BirdeeHub",
        "repo": "nix-wrapper-modules",
        "type": "github"
      }
    }
  },
  "root": "root",
  "version": 7
}
